
Microsoft Visual Studio Solution File, Format Version 12.00
# Visual Studio Version 16
VisualStudioVersion = 16.0.30114.105
MinimumVisualStudioVersion = 10.0.40219.1
Project("{FAE04EC0-301F-11D3-BF4B-00C04F79EFBC}") = "MainAPI", "MainAPI\MainAPI.csproj", "{528DCA60-A10A-4B47-82AB-E288B2A0DB79}"
EndProject
Project("{FAE04EC0-301F-11D3-BF4B-00C04F79EFBC}") = "UnitTests", "UnitTests\UnitTests.csproj", "{8451C053-5EB5-4F1D-87A7-81254340F600}"
EndProject
Global
	GlobalSection(SolutionConfigurationPlatforms) = preSolution
		Debug|Any CPU = Debug|Any CPU
		Release|Any CPU = Release|Any CPU
	EndGlobalSection
	GlobalSection(SolutionProperties) = preSolution
		HideSolutionNode = FALSE
	EndGlobalSection
	GlobalSection(ProjectConfigurationPlatforms) = postSolution
		{528DCA60-A10A-4B47-82AB-E288B2A0DB79}.Debug|Any CPU.ActiveCfg = Debug|Any CPU
		{528DCA60-A10A-4B47-82AB-E288B2A0DB79}.Debug|Any CPU.Build.0 = Debug|Any CPU
		{528DCA60-A10A-4B47-82AB-E288B2A0DB79}.Release|Any CPU.ActiveCfg = Release|Any CPU
		{528DCA60-A10A-4B47-82AB-E288B2A0DB79}.Release|Any CPU.Build.0 = Release|Any CPU
		{8451C053-5EB5-4F1D-87A7-81254340F600}.Debug|Any CPU.ActiveCfg = Debug|Any CPU
		{8451C053-5EB5-4F1D-87A7-81254340F600}.Debug|Any CPU.Build.0 = Debug|Any CPU
		{8451C053-5EB5-4F1D-87A7-81254340F600}.Release|Any CPU.ActiveCfg = Release|Any CPU
		{8451C053-5EB5-4F1D-87A7-81254340F600}.Release|Any CPU.Build.0 = Release|Any CPU
	EndGlobalSection
EndGlobal
